
Microsoft Visual Studio Solution File, Format Version 12.00
# Visual Studio Version 16
VisualStudioVersion = 16.0.29324.140
MinimumVisualStudioVersion = 10.0.40219.1
Project("{9A19103F-16F7-4668-BE54-9A1E7A4F7556}") = "PokeAPI-Aspnet-Web-Application", "PokeAPI-Aspnet-Web-Application\PokeAPI-Aspnet-Web-Application.csproj", "{8DAD26F2-AAA9-47C2-96AF-2B83B31500B0}"
EndProject
Project("{9A19103F-16F7-4668-BE54-9A1E7A4F7556}") = "PokeAPIConsumer", "PokeAPIConsumer\PokeAPIConsumer.csproj", "{7E952392-DC28-4BCA-B6B5-8A69856A6A59}"
EndProject
Project("{FAE04EC0-301F-11D3-BF4B-00C04F79EFBC}") = "PokeApi-Console-Application", "PokeApi-Console-Application\PokeApi-Console-Application.csproj", "{1A0BB543-D010-40EA-BD93-E3C5F0053516}"
EndProject
Global
	GlobalSection(SolutionConfigurationPlatforms) = preSolution
		Debug|Any CPU = Debug|Any CPU
		Release|Any CPU = Release|Any CPU
	EndGlobalSection
	GlobalSection(ProjectConfigurationPlatforms) = postSolution
		{8DAD26F2-AAA9-47C2-96AF-2B83B31500B0}.Debug|Any CPU.ActiveCfg = Debug|Any CPU
		{8DAD26F2-AAA9-47C2-96AF-2B83B31500B0}.Debug|Any CPU.Build.0 = Debug|Any CPU
		{8DAD26F2-AAA9-47C2-96AF-2B83B31500B0}.Release|Any CPU.ActiveCfg = Release|Any CPU
		{8DAD26F2-AAA9-47C2-96AF-2B83B31500B0}.Release|Any CPU.Build.0 = Release|Any CPU
		{7E952392-DC28-4BCA-B6B5-8A69856A6A59}.Debug|Any CPU.ActiveCfg = Debug|Any CPU
		{7E952392-DC28-4BCA-B6B5-8A69856A6A59}.Debug|Any CPU.Build.0 = Debug|Any CPU
		{7E952392-DC28-4BCA-B6B5-8A69856A6A59}.Release|Any CPU.ActiveCfg = Release|Any CPU
		{7E952392-DC28-4BCA-B6B5-8A69856A6A59}.Release|Any CPU.Build.0 = Release|Any CPU
		{1A0BB543-D010-40EA-BD93-E3C5F0053516}.Debug|Any CPU.ActiveCfg = Debug|Any CPU
		{1A0BB543-D010-40EA-BD93-E3C5F0053516}.Debug|Any CPU.Build.0 = Debug|Any CPU
		{1A0BB543-D010-40EA-BD93-E3C5F0053516}.Release|Any CPU.ActiveCfg = Release|Any CPU
		{1A0BB543-D010-40EA-BD93-E3C5F0053516}.Release|Any CPU.Build.0 = Release|Any CPU
	EndGlobalSection
	GlobalSection(SolutionProperties) = preSolution
		HideSolutionNode = FALSE
	EndGlobalSection
	GlobalSection(ExtensibilityGlobals) = postSolution
		SolutionGuid = {49B1EE08-B1FC-4278-BC19-1779B087B256}
	EndGlobalSection
EndGlobal
